{
  "version": 4,
  "terraform_version": "1.15.6",
  "serial": 12,
  "lineage": "358b23f4-db4e-0549-2ca8-f66cc42c9732",
  "outputs": {},
  "resources": [
    {
      "mode": "managed",
      "type": "vault_jwt_auth_backend",
      "name": "oidc",
      "provider": "provider[\"registry.terraform.io/hashicorp/vault\"]",
      "instances": [
        {
          "schema_version": 1,
          "attributes": {
            "accessor": "auth_oidc_a50d9826",
            "bound_issuer": "http://authentik-server:9000/application/o/vault/",
            "default_role": "dev",
            "description": "OIDC authentication via Authentik",
            "disable_remount": false,
            "id": "oidc",
            "jwks_ca_pem": "",
            "jwks_url": "",
            "jwt_supported_algs": [],
            "jwt_validation_pubkeys": [],
            "local": false,
            "namespace": null,
            "namespace_in_state": true,
            "oidc_client_id": "vault-client-id",
            "oidc_client_secret": "vault-client-secret",
            "oidc_discovery_ca_pem": "",
            "oidc_discovery_url": "http://authentik-server:9000/application/o/vault/",
            "oidc_response_mode": "",
            "oidc_response_types": [],
            "path": "oidc",
            "provider_config": {},
            "tune": [
              {
                "allowed_response_headers": [],
                "audit_non_hmac_request_keys": [],
                "audit_non_hmac_response_keys": [],
                "default_lease_ttl": "768h",
                "listing_visibility": "",
                "max_lease_ttl": "768h",
                "passthrough_request_headers": [],
                "token_type": "default-service"
              }
            ],
            "type": "oidc"
          },
          "sensitive_attributes": [
            [
              {
                "type": "get_attr",
                "value": "oidc_client_secret"
              }
            ]
          ],
          "identity_schema_version": 0,
          "private": "eyJzY2hlbWFfdmVyc2lvbiI6IjEifQ=="
        }
      ]
    },
    {
      "mode": "managed",
      "type": "vault_jwt_auth_backend_role",
      "name": "admin",
      "provider": "provider[\"registry.terraform.io/hashicorp/vault\"]",
      "instances": [
        {
          "schema_version": 0,
          "attributes": {
            "allowed_redirect_uris": [
              "http://localhost:8200/oidc/callback",
              "http://localhost:8200/ui/vault/auth/oidc/oidc/callback",
              "http://localhost:8200/v1/auth/oidc/oidc/callback",
              "https://localhost:8200/oidc/callback",
              "https://localhost:8200/ui/vault/auth/oidc/oidc/callback",
              "https://localhost:8200/v1/auth/oidc/oidc/callback"
            ],
            "backend": "oidc",
            "bound_audiences": [
              "vault-client-id"
            ],
            "bound_claims": null,
            "bound_claims_type": "string",
            "bound_subject": "",
            "claim_mappings": null,
            "clock_skew_leeway": 0,
            "disable_bound_claims_parsing": false,
            "expiration_leeway": 0,
            "groups_claim": "",
            "id": "auth/oidc/role/admin",
            "max_age": 0,
            "namespace": null,
            "not_before_leeway": 0,
            "oidc_scopes": [
              "openid"
            ],
            "role_name": "admin",
            "role_type": "oidc",
            "token_bound_cidrs": null,
            "token_explicit_max_ttl": 0,
            "token_max_ttl": 0,
            "token_no_default_policy": false,
            "token_num_uses": 0,
            "token_period": 0,
            "token_policies": [
              "admin-policy"
            ],
            "token_ttl": 3600,
            "token_type": "default",
            "user_claim": "sub",
            "user_claim_json_pointer": false,
            "verbose_oidc_logging": false
          },
          "sensitive_attributes": [],
          "identity_schema_version": 0,
          "private": "bnVsbA==",
          "dependencies": [
            "vault_jwt_auth_backend.oidc"
          ]
        }
      ]
    },
    {
      "mode": "managed",
      "type": "vault_jwt_auth_backend_role",
      "name": "dev",
      "provider": "provider[\"registry.terraform.io/hashicorp/vault\"]",
      "instances": [
        {
          "schema_version": 0,
          "attributes": {
            "allowed_redirect_uris": [
              "http://localhost:8200/oidc/callback",
              "http://localhost:8200/ui/vault/auth/oidc/oidc/callback",
              "http://localhost:8200/v1/auth/oidc/oidc/callback",
              "https://localhost:8200/oidc/callback",
              "https://localhost:8200/ui/vault/auth/oidc/oidc/callback",
              "https://localhost:8200/v1/auth/oidc/oidc/callback"
            ],
            "backend": "oidc",
            "bound_audiences": [
              "vault-client-id"
            ],
            "bound_claims": null,
            "bound_claims_type": "string",
            "bound_subject": "",
            "claim_mappings": null,
            "clock_skew_leeway": 0,
            "disable_bound_claims_parsing": false,
            "expiration_leeway": 0,
            "groups_claim": "",
            "id": "auth/oidc/role/dev",
            "max_age": 0,
            "namespace": null,
            "not_before_leeway": 0,
            "oidc_scopes": [
              "openid"
            ],
            "role_name": "dev",
            "role_type": "oidc",
            "token_bound_cidrs": null,
            "token_explicit_max_ttl": 0,
            "token_max_ttl": 0,
            "token_no_default_policy": false,
            "token_num_uses": 0,
            "token_period": 0,
            "token_policies": [
              "dev-policy"
            ],
            "token_ttl": 3600,
            "token_type": "default",
            "user_claim": "sub",
            "user_claim_json_pointer": false,
            "verbose_oidc_logging": false
          },
          "sensitive_attributes": [],
          "identity_schema_version": 0,
          "private": "bnVsbA==",
          "dependencies": [
            "vault_jwt_auth_backend.oidc"
          ]
        }
      ]
    },
    {
      "mode": "managed",
      "type": "vault_jwt_auth_backend_role",
      "name": "ops",
      "provider": "provider[\"registry.terraform.io/hashicorp/vault\"]",
      "instances": [
        {
          "schema_version": 0,
          "attributes": {
            "allowed_redirect_uris": [
              "http://localhost:8200/oidc/callback",
              "http://localhost:8200/ui/vault/auth/oidc/oidc/callback",
              "http://localhost:8200/v1/auth/oidc/oidc/callback",
              "https://localhost:8200/oidc/callback",
              "https://localhost:8200/ui/vault/auth/oidc/oidc/callback",
              "https://localhost:8200/v1/auth/oidc/oidc/callback"
            ],
            "backend": "oidc",
            "bound_audiences": [
              "vault-client-id"
            ],
            "bound_claims": null,
            "bound_claims_type": "string",
            "bound_subject": "",
            "claim_mappings": null,
            "clock_skew_leeway": 0,
            "disable_bound_claims_parsing": false,
            "expiration_leeway": 0,
            "groups_claim": "",
            "id": "auth/oidc/role/ops",
            "max_age": 0,
            "namespace": null,
            "not_before_leeway": 0,
            "oidc_scopes": [
              "openid"
            ],
            "role_name": "ops",
            "role_type": "oidc",
            "token_bound_cidrs": null,
            "token_explicit_max_ttl": 0,
            "token_max_ttl": 0,
            "token_no_default_policy": false,
            "token_num_uses": 0,
            "token_period": 0,
            "token_policies": [
              "ops-policy"
            ],
            "token_ttl": 3600,
            "token_type": "default",
            "user_claim": "sub",
            "user_claim_json_pointer": false,
            "verbose_oidc_logging": false
          },
          "sensitive_attributes": [],
          "identity_schema_version": 0,
          "private": "bnVsbA==",
          "dependencies": [
            "vault_jwt_auth_backend.oidc"
          ]
        }
      ]
    },
    {
      "mode": "managed",
      "type": "vault_policy",
      "name": "admin",
      "provider": "provider[\"registry.terraform.io/hashicorp/vault\"]",
      "instances": [
        {
          "schema_version": 0,
          "attributes": {
            "id": "admin-policy",
            "name": "admin-policy",
            "namespace": null,
            "policy": "# Admin - full access to everything\npath \"*\" {\n  capabilities = [\"create\", \"read\", \"update\", \"delete\", \"list\", \"sudo\"]\n}\n"
          },
          "sensitive_attributes": [],
          "identity_schema_version": 0,
          "private": "bnVsbA=="
        }
      ]
    },
    {
      "mode": "managed",
      "type": "vault_policy",
      "name": "dev",
      "provider": "provider[\"registry.terraform.io/hashicorp/vault\"]",
      "instances": [
        {
          "schema_version": 0,
          "attributes": {
            "id": "dev-policy",
            "name": "dev-policy",
            "namespace": null,
            "policy": "# Dev - read-only dev namespace\npath \"kv/data/dev/*\" {\n  capabilities = [\"read\", \"list\"]\n}\npath \"kv/metadata/dev/*\" {\n  capabilities = [\"read\", \"list\"]\n}\n"
          },
          "sensitive_attributes": [],
          "identity_schema_version": 0,
          "private": "bnVsbA=="
        }
      ]
    },
    {
      "mode": "managed",
      "type": "vault_policy",
      "name": "ops",
      "provider": "provider[\"registry.terraform.io/hashicorp/vault\"]",
      "instances": [
        {
          "schema_version": 0,
          "attributes": {
            "id": "ops-policy",
            "name": "ops-policy",
            "namespace": null,
            "policy": "# Ops - read production/staging secrets, issue certificates\npath \"kv/data/production/*\" {\n  capabilities = [\"read\", \"list\"]\n}\npath \"kv/metadata/production/*\" {\n  capabilities = [\"read\", \"list\"]\n}\npath \"kv/data/staging/*\" {\n  capabilities = [\"read\", \"list\", \"create\", \"update\"]\n}\npath \"kv/metadata/staging/*\" {\n  capabilities = [\"read\", \"list\"]\n}\npath \"kv/data/dev/*\" {\n  capabilities = [\"read\", \"list\", \"create\", \"update\"]\n}\npath \"kv/metadata/dev/*\" {\n  capabilities = [\"read\", \"list\"]\n}\npath \"pki/issue/*\" {\n  capabilities = [\"create\", \"update\"]\n}\n"
          },
          "sensitive_attributes": [],
          "identity_schema_version": 0,
          "private": "bnVsbA=="
        }
      ]
    },
    {
      "mode": "managed",
      "type": "vault_policy",
      "name": "server",
      "provider": "provider[\"registry.terraform.io/hashicorp/vault\"]",
      "instances": [
        {
          "schema_version": 0,
          "attributes": {
            "id": "server-policy",
            "name": "server-policy",
            "namespace": null,
            "policy": "path \"kv/data/server-config\" {\n  capabilities = [\"read\"]\n}\n\npath \"pki/issue/server\" {\n  capabilities = [\"create\", \"update\"]\n}\n\npath \"ssh/sign/sign-ssh\" {\n  capabilities = [\"create\", \"update\"]\n}\n\npath \"ssh-dc2/sign/sign-ssh\" {\n  capabilities = [\"create\", \"update\"]\n}\n\npath \"ssh/config/ca\" {\n  capabilities = [\"read\"]\n}\n\npath \"ssh-dc2/config/ca\" {\n  capabilities = [\"read\"]\n}\n"
          },
          "sensitive_attributes": [],
          "identity_schema_version": 0,
          "private": "bnVsbA=="
        }
      ]
    }
  ],
  "check_results": null
}
